
Microsoft Visual Studio Solution File, Format Version 12.00
# Visual Studio 15
VisualStudioVersion = 15.0.28010.2026
MinimumVisualStudioVersion = 10.0.40219.1
Project("{FAE04EC0-301F-11D3-BF4B-00C04F79EFBC}") = "TestApplication", "TestApplication\TestApplication.csproj", "{EE9570AC-A524-468F-8524-07A991002D24}"
EndProject
Project("{FAE04EC0-301F-11D3-BF4B-00C04F79EFBC}") = "TestLibrary", "TestLibrary\TestLibrary.csproj", "{12547DFB-979C-4083-8CAA-6D57147E62E7}"
EndProject
Project("{FAE04EC0-301F-11D3-BF4B-00C04F79EFBC}") = "UnitTestProject", "UnitTestProject\UnitTestProject.csproj", "{59DF20B4-5DEF-4F38-B589-1FD63032819E}"
EndProject
Global
	GlobalSection(SolutionConfigurationPlatforms) = preSolution
		Debug|Any CPU = Debug|Any CPU
		Release|Any CPU = Release|Any CPU
	EndGlobalSection
	GlobalSection(ProjectConfigurationPlatforms) = postSolution
		{EE9570AC-A524-468F-8524-07A991002D24}.Debug|Any CPU.ActiveCfg = Debug|Any CPU
		{EE9570AC-A524-468F-8524-07A991002D24}.Debug|Any CPU.Build.0 = Debug|Any CPU
		{EE9570AC-A524-468F-8524-07A991002D24}.Release|Any CPU.ActiveCfg = Release|Any CPU
		{EE9570AC-A524-468F-8524-07A991002D24}.Release|Any CPU.Build.0 = Release|Any CPU
		{12547DFB-979C-4083-8CAA-6D57147E62E7}.Debug|Any CPU.ActiveCfg = Debug|Any CPU
		{12547DFB-979C-4083-8CAA-6D57147E62E7}.Debug|Any CPU.Build.0 = Debug|Any CPU
		{12547DFB-979C-4083-8CAA-6D57147E62E7}.Release|Any CPU.ActiveCfg = Release|Any CPU
		{12547DFB-979C-4083-8CAA-6D57147E62E7}.Release|Any CPU.Build.0 = Release|Any CPU
		{59DF20B4-5DEF-4F38-B589-1FD63032819E}.Debug|Any CPU.ActiveCfg = Debug|Any CPU
		{59DF20B4-5DEF-4F38-B589-1FD63032819E}.Debug|Any CPU.Build.0 = Debug|Any CPU
		{59DF20B4-5DEF-4F38-B589-1FD63032819E}.Release|Any CPU.ActiveCfg = Release|Any CPU
		{59DF20B4-5DEF-4F38-B589-1FD63032819E}.Release|Any CPU.Build.0 = Release|Any CPU
	EndGlobalSection
	GlobalSection(SolutionProperties) = preSolution
		HideSolutionNode = FALSE
	EndGlobalSection
	GlobalSection(ExtensibilityGlobals) = postSolution
		SolutionGuid = {CCEEBA7B-7A84-408E-9DB4-D20CE314177C}
	EndGlobalSection
EndGlobal
